
Microsoft Visual Studio Solution File, Format Version 12.00
# Visual Studio 14
VisualStudioVersion = 14.0.25420.1
MinimumVisualStudioVersion = 10.0.40219.1
Project("{F2A71F9B-5D33-465A-A702-920D77279786}") = "CafeApp.Core", "CafeApp.Core\CafeApp.Core.fsproj", "{2022A0CB-130F-4FE3-989B-CEF9BB7BFFB3}"
EndProject
Project("{2150E333-8FDC-42A3-9474-1A3956D46DE8}") = "Solution Items", "Solution Items", "{4382693A-F295-4BF1-AAE7-6C4824EBE3DA}"
	ProjectSection(SolutionItems) = preProject
		.gitignore = .gitignore
		.travis.yml = .travis.yml
	EndProjectSection
EndProject
Project("{F2A71F9B-5D33-465A-A702-920D77279786}") = "CafeApp.Persistence", "CafeApp.Persistence\CafeApp.Persistence.fsproj", "{7BAA7B70-B4BB-4592-A2D1-5DC0B3519F33}"
EndProject
Project("{F2A71F9B-5D33-465A-A702-920D77279786}") = "CafeApp.Persistence.InMemory", "CafeApp.Persistence.InMemory\CafeApp.Persistence.InMemory.fsproj", "{F2121974-33F9-41BD-820B-8C73B6EEC038}"
EndProject
Project("{F2A71F9B-5D33-465A-A702-920D77279786}") = "CafeApp.Commands.Api", "CafeApp.Commands.Api\CafeApp.Commands.Api.fsproj", "{57666C10-DA63-4A4E-81A2-50E38A4AA033}"
EndProject
Project("{F2A71F9B-5D33-465A-A702-920D77279786}") = "CafeApp.Web", "CafeApp.Web\CafeApp.Web.fsproj", "{C59255C9-49F3-4B36-9373-9CD10493DAAA}"
EndProject
Global
	GlobalSection(SolutionConfigurationPlatforms) = preSolution
		Debug|Any CPU = Debug|Any CPU
		Release|Any CPU = Release|Any CPU
	EndGlobalSection
	GlobalSection(ProjectConfigurationPlatforms) = postSolution
		{2022A0CB-130F-4FE3-989B-CEF9BB7BFFB3}.Debug|Any CPU.ActiveCfg = Debug|Any CPU
		{2022A0CB-130F-4FE3-989B-CEF9BB7BFFB3}.Debug|Any CPU.Build.0 = Debug|Any CPU
		{2022A0CB-130F-4FE3-989B-CEF9BB7BFFB3}.Release|Any CPU.ActiveCfg = Release|Any CPU
		{2022A0CB-130F-4FE3-989B-CEF9BB7BFFB3}.Release|Any CPU.Build.0 = Release|Any CPU
		{7BAA7B70-B4BB-4592-A2D1-5DC0B3519F33}.Debug|Any CPU.ActiveCfg = Debug|Any CPU
		{7BAA7B70-B4BB-4592-A2D1-5DC0B3519F33}.Debug|Any CPU.Build.0 = Debug|Any CPU
		{7BAA7B70-B4BB-4592-A2D1-5DC0B3519F33}.Release|Any CPU.ActiveCfg = Release|Any CPU
		{7BAA7B70-B4BB-4592-A2D1-5DC0B3519F33}.Release|Any CPU.Build.0 = Release|Any CPU
		{F2121974-33F9-41BD-820B-8C73B6EEC038}.Debug|Any CPU.ActiveCfg = Debug|Any CPU
		{F2121974-33F9-41BD-820B-8C73B6EEC038}.Debug|Any CPU.Build.0 = Debug|Any CPU
		{F2121974-33F9-41BD-820B-8C73B6EEC038}.Release|Any CPU.ActiveCfg = Release|Any CPU
		{F2121974-33F9-41BD-820B-8C73B6EEC038}.Release|Any CPU.Build.0 = Release|Any CPU
		{57666C10-DA63-4A4E-81A2-50E38A4AA033}.Debug|Any CPU.ActiveCfg = Debug|Any CPU
		{57666C10-DA63-4A4E-81A2-50E38A4AA033}.Debug|Any CPU.Build.0 = Debug|Any CPU
		{57666C10-DA63-4A4E-81A2-50E38A4AA033}.Release|Any CPU.ActiveCfg = Release|Any CPU
		{57666C10-DA63-4A4E-81A2-50E38A4AA033}.Release|Any CPU.Build.0 = Release|Any CPU
		{C59255C9-49F3-4B36-9373-9CD10493DAAA}.Debug|Any CPU.ActiveCfg = Debug|Any CPU
		{C59255C9-49F3-4B36-9373-9CD10493DAAA}.Debug|Any CPU.Build.0 = Debug|Any CPU
		{C59255C9-49F3-4B36-9373-9CD10493DAAA}.Release|Any CPU.ActiveCfg = Release|Any CPU
		{C59255C9-49F3-4B36-9373-9CD10493DAAA}.Release|Any CPU.Build.0 = Release|Any CPU
	EndGlobalSection
	GlobalSection(SolutionProperties) = preSolution
		HideSolutionNode = FALSE
	EndGlobalSection
EndGlobal
